
Microsoft Visual Studio Solution File, Format Version 12.00
# Visual Studio Version 16
VisualStudioVersion = 16.0.30225.117
MinimumVisualStudioVersion = 10.0.40219.1
Project("{FAE04EC0-301F-11D3-BF4B-00C04F79EFBC}") = "Ambilight", "Ambilight\Ambilight.csproj", "{D968C453-30E5-41EB-BAF1-9D029FFFA7BA}"
EndProject
Global
	GlobalSection(SolutionConfigurationPlatforms) = preSolution
		Debug|Any CPU = Debug|Any CPU
		Release|Any CPU = Release|Any CPU
	EndGlobalSection
	GlobalSection(ProjectConfigurationPlatforms) = postSolution
		{D968C453-30E5-41EB-BAF1-9D029FFFA7BA}.Debug|Any CPU.ActiveCfg = Debug|Any CPU
		{D968C453-30E5-41EB-BAF1-9D029FFFA7BA}.Debug|Any CPU.Build.0 = Debug|Any CPU
		{D968C453-30E5-41EB-BAF1-9D029FFFA7BA}.Release|Any CPU.ActiveCfg = Release|Any CPU
		{D968C453-30E5-41EB-BAF1-9D029FFFA7BA}.Release|Any CPU.Build.0 = Release|Any CPU
	EndGlobalSection
	GlobalSection(SolutionProperties) = preSolution
		HideSolutionNode = FALSE
	EndGlobalSection
	GlobalSection(ExtensibilityGlobals) = postSolution
		SolutionGuid = {09B17531-EFA1-442E-AFC0-6369677DB20A}
	EndGlobalSection
EndGlobal
